[{<<"cowboy">>,
  {git,"https://github.com/ninenines/cowboy.git",
       {ref,"72d5f6c01204ad6b2f0acffcded9417c944b6b6c"}},
  0},
 {<<"cowlib">>,
  {git,"https://github.com/ninenines/cowlib",
       {ref,"d33876eddd3062f3f748e4879b0efe3990afdc73"}},
  1},
 {<<"ranch">>,
  {git,"https://github.com/ninenines/ranch",
       {ref,"10b51304b26062e0dbfd5e74824324e9a911e269"}},
  1}].
